// !$*UTF8*$!
{
	archiveVersion = 1;
	classes = {
	};
	objectVersion = 56;
	objects = {

/* Begin PBXBuildFile section */
		AAA00001 /* MacTornApp.swift in Sources */ = {isa = PBXBuildFile; fileRef = AAA10001 /* MacTornApp.swift */; };
		AAA00002 /* ContentView.swift in Sources */ = {isa = PBXBuildFile; fileRef = AAA10002 /* ContentView.swift */; };
		AAA00003 /* Assets.xcassets in Resources */ = {isa = PBXBuildFile; fileRef = AAA10003 /* Assets.xcassets */; };
		AAA00004 /* TornModels.swift in Sources */ = {isa = PBXBuildFile; fileRef = AAA10004 /* TornModels.swift */; };
		AAA00005 /* AppState.swift in Sources */ = {isa = PBXBuildFile; fileRef = AAA10005 /* AppState.swift */; };
		AAA00006 /* SettingsView.swift in Sources */ = {isa = PBXBuildFile; fileRef = AAA10006 /* SettingsView.swift */; };
		AAA00007 /* StatusView.swift in Sources */ = {isa = PBXBuildFile; fileRef = AAA10007 /* StatusView.swift */; };
		AAA00008 /* ProgressBarView.swift in Sources */ = {isa = PBXBuildFile; fileRef = AAA10008 /* ProgressBarView.swift */; };
		AAA00009 /* NotificationManager.swift in Sources */ = {isa = PBXBuildFile; fileRef = AAA10009 /* NotificationManager.swift */; };
		AAA00010 /* LaunchAtLoginManager.swift in Sources */ = {isa = PBXBuildFile; fileRef = AAA10011 /* LaunchAtLoginManager.swift */; };
		AAA00011 /* ShortcutsManager.swift in Sources */ = {isa = PBXBuildFile; fileRef = AAA10012 /* ShortcutsManager.swift */; };
		AAA00012 /* ChainView.swift in Sources */ = {isa = PBXBuildFile; fileRef = AAA10013 /* ChainView.swift */; };
		AAA00013 /* StatusBadgesView.swift in Sources */ = {isa = PBXBuildFile; fileRef = AAA10014 /* StatusBadgesView.swift */; };
		AAA00014 /* EventsView.swift in Sources */ = {isa = PBXBuildFile; fileRef = AAA10015 /* EventsView.swift */; };
		AAA00015 /* SoundManager.swift in Sources */ = {isa = PBXBuildFile; fileRef = AAA10016 /* SoundManager.swift */; };
		AAA00016 /* MoneyView.swift in Sources */ = {isa = PBXBuildFile; fileRef = AAA10017 /* MoneyView.swift */; };
		AAA00017 /* AttacksView.swift in Sources */ = {isa = PBXBuildFile; fileRef = AAA10018 /* AttacksView.swift */; };
		AAA00018 /* FactionView.swift in Sources */ = {isa = PBXBuildFile; fileRef = AAA10019 /* FactionView.swift */; };
		AAA00019 /* WatchlistView.swift in Sources */ = {isa = PBXBuildFile; fileRef = AAA10020 /* WatchlistView.swift */; };
		AAA00020 /* PropertiesView.swift in Sources */ = {isa = PBXBuildFile; fileRef = AAA10021 /* PropertiesView.swift */; };
		AAA00021 /* NetworkSession.swift in Sources */ = {isa = PBXBuildFile; fileRef = AAA10022 /* NetworkSession.swift */; };
		AAA00022 /* TravelView.swift in Sources */ = {isa = PBXBuildFile; fileRef = AAA10023 /* TravelView.swift */; };
		AAA00023 /* CreditsView.swift in Sources */ = {isa = PBXBuildFile; fileRef = AAA10024 /* CreditsView.swift */; };
		AAA00024 /* TransparencyEnvironment.swift in Sources */ = {isa = PBXBuildFile; fileRef = AAA10025 /* TransparencyEnvironment.swift */; };
/* Unit Tests */
		BBB00001 /* MockNetworkSession.swift in Sources */ = {isa = PBXBuildFile; fileRef = BBB10001 /* MockNetworkSession.swift */; };
		BBB00002 /* TestHelpers.swift in Sources */ = {isa = PBXBuildFile; fileRef = BBB10002 /* TestHelpers.swift */; };
		BBB00003 /* TornAPIFixtures.swift in Sources */ = {isa = PBXBuildFile; fileRef = BBB10003 /* TornAPIFixtures.swift */; };
		BBB00004 /* BarTests.swift in Sources */ = {isa = PBXBuildFile; fileRef = BBB10004 /* BarTests.swift */; };
		BBB00005 /* TravelTests.swift in Sources */ = {isa = PBXBuildFile; fileRef = BBB10005 /* TravelTests.swift */; };
		BBB00006 /* StatusTests.swift in Sources */ = {isa = PBXBuildFile; fileRef = BBB10006 /* StatusTests.swift */; };
		BBB00007 /* ChainTests.swift in Sources */ = {isa = PBXBuildFile; fileRef = BBB10007 /* ChainTests.swift */; };
		BBB00008 /* TornResponseTests.swift in Sources */ = {isa = PBXBuildFile; fileRef = BBB10008 /* TornResponseTests.swift */; };
		BBB00009 /* WatchlistItemTests.swift in Sources */ = {isa = PBXBuildFile; fileRef = BBB10009 /* WatchlistItemTests.swift */; };
		BBB00010 /* MoneyDataTests.swift in Sources */ = {isa = PBXBuildFile; fileRef = BBB10010 /* MoneyDataTests.swift */; };
		BBB00011 /* AppStateTests.swift in Sources */ = {isa = PBXBuildFile; fileRef = BBB10011 /* AppStateTests.swift */; };
		BBB00012 /* AppStateWatchlistTests.swift in Sources */ = {isa = PBXBuildFile; fileRef = BBB10012 /* AppStateWatchlistTests.swift */; };
/* UI Tests */
		CCC00001 /* MacTornUITests.swift in Sources */ = {isa = PBXBuildFile; fileRef = CCC10001 /* MacTornUITests.swift */; };
/* End PBXBuildFile section */

/* Begin PBXContainerItemProxy section */
		BBB20001 /* PBXContainerItemProxy */ = {
			isa = PBXContainerItemProxy;
			containerPortal = AAA00000 /* Project object */;
			proxyType = 1;
			remoteGlobalIDString = AAA40000;
			remoteInfo = MacTorn;
		};
		CCC20001 /* PBXContainerItemProxy */ = {
			isa = PBXContainerItemProxy;
			containerPortal = AAA00000 /* Project object */;
			proxyType = 1;
			remoteGlobalIDString = AAA40000;
			remoteInfo = MacTorn;
		};
/* End PBXContainerItemProxy section */

/* Begin PBXFileReference section */
		AAA10001 /* MacTornApp.swift */ = {isa = PBXFileReference; lastKnownFileType = sourcecode.swift; path = MacTornApp.swift; sourceTree = "<group>"; };
		AAA10002 /* ContentView.swift */ = {isa = PBXFileReference; lastKnownFileType = sourcecode.swift; path = ContentView.swift; sourceTree = "<group>"; };
		AAA10003 /* Assets.xcassets */ = {isa = PBXFileReference; lastKnownFileType = folder.assetcatalog; path = Assets.xcassets; sourceTree = "<group>"; };
		AAA10004 /* TornModels.swift */ = {isa = PBXFileReference; lastKnownFileType = sourcecode.swift; path = TornModels.swift; sourceTree = "<group>"; };
		AAA10005 /* AppState.swift */ = {isa = PBXFileReference; lastKnownFileType = sourcecode.swift; path = AppState.swift; sourceTree = "<group>"; };
		AAA10006 /* SettingsView.swift */ = {isa = PBXFileReference; lastKnownFileType = sourcecode.swift; path = SettingsView.swift; sourceTree = "<group>"; };
		AAA10007 /* StatusView.swift */ = {isa = PBXFileReference; lastKnownFileType = sourcecode.swift; path = StatusView.swift; sourceTree = "<group>"; };
		AAA10008 /* ProgressBarView.swift */ = {isa = PBXFileReference; lastKnownFileType = sourcecode.swift; path = ProgressBarView.swift; sourceTree = "<group>"; };
		AAA10009 /* NotificationManager.swift */ = {isa = PBXFileReference; lastKnownFileType = sourcecode.swift; path = NotificationManager.swift; sourceTree = "<group>"; };
		AAA10010 /* Info.plist */ = {isa = PBXFileReference; lastKnownFileType = text.plist.xml; path = Info.plist; sourceTree = "<group>"; };
		AAA10011 /* LaunchAtLoginManager.swift */ = {isa = PBXFileReference; lastKnownFileType = sourcecode.swift; path = LaunchAtLoginManager.swift; sourceTree = "<group>"; };
		AAA10012 /* ShortcutsManager.swift */ = {isa = PBXFileReference; lastKnownFileType = sourcecode.swift; path = ShortcutsManager.swift; sourceTree = "<group>"; };
		AAA10013 /* ChainView.swift */ = {isa = PBXFileReference; lastKnownFileType = sourcecode.swift; path = ChainView.swift; sourceTree = "<group>"; };
		AAA10014 /* StatusBadgesView.swift */ = {isa = PBXFileReference; lastKnownFileType = sourcecode.swift; path = StatusBadgesView.swift; sourceTree = "<group>"; };
		AAA10015 /* EventsView.swift */ = {isa = PBXFileReference; lastKnownFileType = sourcecode.swift; path = EventsView.swift; sourceTree = "<group>"; };
		AAA10016 /* SoundManager.swift */ = {isa = PBXFileReference; lastKnownFileType = sourcecode.swift; path = SoundManager.swift; sourceTree = "<group>"; };
		AAA10017 /* MoneyView.swift */ = {isa = PBXFileReference; lastKnownFileType = sourcecode.swift; path = MoneyView.swift; sourceTree = "<group>"; };
		AAA10018 /* AttacksView.swift */ = {isa = PBXFileReference; lastKnownFileType = sourcecode.swift; path = AttacksView.swift; sourceTree = "<group>"; };
		AAA10019 /* FactionView.swift */ = {isa = PBXFileReference; lastKnownFileType = sourcecode.swift; path = FactionView.swift; sourceTree = "<group>"; };
		AAA10020 /* WatchlistView.swift */ = {isa = PBXFileReference; lastKnownFileType = sourcecode.swift; path = WatchlistView.swift; sourceTree = "<group>"; };
		AAA10021 /* PropertiesView.swift */ = {isa = PBXFileReference; lastKnownFileType = sourcecode.swift; path = PropertiesView.swift; sourceTree = "<group>"; };
		AAA10022 /* NetworkSession.swift */ = {isa = PBXFileReference; lastKnownFileType = sourcecode.swift; path = NetworkSession.swift; sourceTree = "<group>"; };
		AAA10023 /* TravelView.swift */ = {isa = PBXFileReference; lastKnownFileType = sourcecode.swift; path = TravelView.swift; sourceTree = "<group>"; };
		AAA10024 /* CreditsView.swift */ = {isa = PBXFileReference; lastKnownFileType = sourcecode.swift; path = CreditsView.swift; sourceTree = "<group>"; };
		AAA10025 /* TransparencyEnvironment.swift */ = {isa = PBXFileReference; lastKnownFileType = sourcecode.swift; path = TransparencyEnvironment.swift; sourceTree = "<group>"; };
		AAA10000 /* MacTorn.app */ = {isa = PBXFileReference; explicitFileType = wrapper.application; includeInIndex = 0; path = MacTorn.app; sourceTree = BUILT_PRODUCTS_DIR; };
/* Unit Test Files */
		BBB10001 /* MockNetworkSession.swift */ = {isa = PBXFileReference; lastKnownFileType = sourcecode.swift; path = MockNetworkSession.swift; sourceTree = "<group>"; };
		BBB10002 /* TestHelpers.swift */ = {isa = PBXFileReference; lastKnownFileType = sourcecode.swift; path = TestHelpers.swift; sourceTree = "<group>"; };
		BBB10003 /* TornAPIFixtures.swift */ = {isa = PBXFileReference; lastKnownFileType = sourcecode.swift; path = TornAPIFixtures.swift; sourceTree = "<group>"; };
		BBB10004 /* BarTests.swift */ = {isa = PBXFileReference; lastKnownFileType = sourcecode.swift; path = BarTests.swift; sourceTree = "<group>"; };
		BBB10005 /* TravelTests.swift */ = {isa = PBXFileReference; lastKnownFileType = sourcecode.swift; path = TravelTests.swift; sourceTree = "<group>"; };
		BBB10006 /* StatusTests.swift */ = {isa = PBXFileReference; lastKnownFileType = sourcecode.swift; path = StatusTests.swift; sourceTree = "<group>"; };
		BBB10007 /* ChainTests.swift */ = {isa = PBXFileReference; lastKnownFileType = sourcecode.swift; path = ChainTests.swift; sourceTree = "<group>"; };
		BBB10008 /* TornResponseTests.swift */ = {isa = PBXFileReference; lastKnownFileType = sourcecode.swift; path = TornResponseTests.swift; sourceTree = "<group>"; };
		BBB10009 /* WatchlistItemTests.swift */ = {isa = PBXFileReference; lastKnownFileType = sourcecode.swift; path = WatchlistItemTests.swift; sourceTree = "<group>"; };
		BBB10010 /* MoneyDataTests.swift */ = {isa = PBXFileReference; lastKnownFileType = sourcecode.swift; path = MoneyDataTests.swift; sourceTree = "<group>"; };
		BBB10011 /* AppStateTests.swift */ = {isa = PBXFileReference; lastKnownFileType = sourcecode.swift; path = AppStateTests.swift; sourceTree = "<group>"; };
		BBB10012 /* AppStateWatchlistTests.swift */ = {isa = PBXFileReference; lastKnownFileType = sourcecode.swift; path = AppStateWatchlistTests.swift; sourceTree = "<group>"; };
		BBB10000 /* MacTornTests.xctest */ = {isa = PBXFileReference; explicitFileType = wrapper.cfbundle; includeInIndex = 0; path = MacTornTests.xctest; sourceTree = BUILT_PRODUCTS_DIR; };
/* UI Test Files */
		CCC10001 /* MacTornUITests.swift */ = {isa = PBXFileReference; lastKnownFileType = sourcecode.swift; path = MacTornUITests.swift; sourceTree = "<group>"; };
		CCC10000 /* MacTornUITests.xctest */ = {isa = PBXFileReference; explicitFileType = wrapper.cfbundle; includeInIndex = 0; path = MacTornUITests.xctest; sourceTree = BUILT_PRODUCTS_DIR; };
/* End PBXFileReference section */

/* Begin PBXFrameworksBuildPhase section */
		AAA20001 /* Frameworks */ = {
			isa = PBXFrameworksBuildPhase;
			buildActionMask = 2147483647;
			files = (
			);
			runOnlyForDeploymentPostprocessing = 0;
		};
		BBB20000 /* Frameworks */ = {
			isa = PBXFrameworksBuildPhase;
			buildActionMask = 2147483647;
			files = (
			);
			runOnlyForDeploymentPostprocessing = 0;
		};
		CCC20000 /* Frameworks */ = {
			isa = PBXFrameworksBuildPhase;
			buildActionMask = 2147483647;
			files = (
			);
			runOnlyForDeploymentPostprocessing = 0;
		};
/* End PBXFrameworksBuildPhase section */

/* Begin PBXGroup section */
		AAA30000 = {
			isa = PBXGroup;
			children = (
				AAA30001 /* MacTorn */,
				BBB30000 /* MacTornTests */,
				CCC30000 /* MacTornUITests */,
				AAA30002 /* Products */,
			);
			sourceTree = "<group>";
		};
		AAA30001 /* MacTorn */ = {
			isa = PBXGroup;
			children = (
				AAA10001 /* MacTornApp.swift */,
				AAA10010 /* Info.plist */,
				AAA10003 /* Assets.xcassets */,
				AAA30003 /* Models */,
				AAA30004 /* ViewModels */,
				AAA30005 /* Views */,
				AAA30007 /* Utilities */,
				AAA30008 /* Networking */,
				AAA30009 /* Helpers */,
			);
			path = MacTorn;
			sourceTree = "<group>";
		};
		AAA30002 /* Products */ = {
			isa = PBXGroup;
			children = (
				AAA10000 /* MacTorn.app */,
				BBB10000 /* MacTornTests.xctest */,
				CCC10000 /* MacTornUITests.xctest */,
			);
			name = Products;
			sourceTree = "<group>";
		};
		AAA30003 /* Models */ = {
			isa = PBXGroup;
			children = (
				AAA10004 /* TornModels.swift */,
			);
			path = Models;
			sourceTree = "<group>";
		};
		AAA30004 /* ViewModels */ = {
			isa = PBXGroup;
			children = (
				AAA10005 /* AppState.swift */,
			);
			path = ViewModels;
			sourceTree = "<group>";
		};
		AAA30005 /* Views */ = {
			isa = PBXGroup;
			children = (
				AAA10002 /* ContentView.swift */,
				AAA10006 /* SettingsView.swift */,
				AAA10007 /* StatusView.swift */,
				AAA10023 /* TravelView.swift */,
				AAA10024 /* CreditsView.swift */,
				AAA10017 /* MoneyView.swift */,
				AAA10018 /* AttacksView.swift */,
				AAA10019 /* FactionView.swift */,
				AAA10020 /* WatchlistView.swift */,
				AAA10021 /* PropertiesView.swift */,
				AAA30006 /* Components */,
			);
			path = Views;
			sourceTree = "<group>";
		};
		AAA30006 /* Components */ = {
			isa = PBXGroup;
			children = (
				AAA10008 /* ProgressBarView.swift */,
				AAA10013 /* ChainView.swift */,
				AAA10014 /* StatusBadgesView.swift */,
				AAA10015 /* EventsView.swift */,
			);
			path = Components;
			sourceTree = "<group>";
		};
		AAA30007 /* Utilities */ = {
			isa = PBXGroup;
			children = (
				AAA10009 /* NotificationManager.swift */,
				AAA10011 /* LaunchAtLoginManager.swift */,
				AAA10012 /* ShortcutsManager.swift */,
				AAA10016 /* SoundManager.swift */,
			);
			path = Utilities;
			sourceTree = "<group>";
		};
		AAA30008 /* Networking */ = {
			isa = PBXGroup;
			children = (
				AAA10022 /* NetworkSession.swift */,
			);
			path = Networking;
			sourceTree = "<group>";
		};
		AAA30009 /* Helpers */ = {
			isa = PBXGroup;
			children = (
				AAA10025 /* TransparencyEnvironment.swift */,
			);
			path = Helpers;
			sourceTree = "<group>";
		};
/* Unit Tests Groups */
		BBB30000 /* MacTornTests */ = {
			isa = PBXGroup;
			children = (
				BBB30001 /* Mocks */,
				BBB30002 /* Fixtures */,
				BBB30003 /* Models */,
				BBB30004 /* ViewModels */,
			);
			path = MacTornTests;
			sourceTree = "<group>";
		};
		BBB30001 /* Mocks */ = {
			isa = PBXGroup;
			children = (
				BBB10001 /* MockNetworkSession.swift */,
				BBB10002 /* TestHelpers.swift */,
			);
			path = Mocks;
			sourceTree = "<group>";
		};
		BBB30002 /* Fixtures */ = {
			isa = PBXGroup;
			children = (
				BBB10003 /* TornAPIFixtures.swift */,
			);
			path = Fixtures;
			sourceTree = "<group>";
		};
		BBB30003 /* Models */ = {
			isa = PBXGroup;
			children = (
				BBB10004 /* BarTests.swift */,
				BBB10005 /* TravelTests.swift */,
				BBB10006 /* StatusTests.swift */,
				BBB10007 /* ChainTests.swift */,
				BBB10008 /* TornResponseTests.swift */,
				BBB10009 /* WatchlistItemTests.swift */,
				BBB10010 /* MoneyDataTests.swift */,
			);
			path = Models;
			sourceTree = "<group>";
		};
		BBB30004 /* ViewModels */ = {
			isa = PBXGroup;
			children = (
				BBB10011 /* AppStateTests.swift */,
				BBB10012 /* AppStateWatchlistTests.swift */,
			);
			path = ViewModels;
			sourceTree = "<group>";
		};
/* UI Tests Group */
		CCC30000 /* MacTornUITests */ = {
			isa = PBXGroup;
			children = (
				CCC10001 /* MacTornUITests.swift */,
			);
			path = MacTornUITests;
			sourceTree = "<group>";
		};
/* End PBXGroup section */

/* Begin PBXNativeTarget section */
		AAA40000 /* MacTorn */ = {
			isa = PBXNativeTarget;
			buildConfigurationList = AAA60000 /* Build configuration list for PBXNativeTarget "MacTorn" */;
			buildPhases = (
				AAA50000 /* Sources */,
				AAA20001 /* Frameworks */,
				AAA50001 /* Resources */,
			);
			buildRules = (
			);
			dependencies = (
			);
			name = MacTorn;
			productName = MacTorn;
			productReference = AAA10000 /* MacTorn.app */;
			productType = "com.apple.product-type.application";
		};
		BBB40000 /* MacTornTests */ = {
			isa = PBXNativeTarget;
			buildConfigurationList = BBB60000 /* Build configuration list for PBXNativeTarget "MacTornTests" */;
			buildPhases = (
				BBB50000 /* Sources */,
				BBB20000 /* Frameworks */,
				BBB50001 /* Resources */,
			);
			buildRules = (
			);
			dependencies = (
				BBB40001 /* PBXTargetDependency */,
			);
			name = MacTornTests;
			productName = MacTornTests;
			productReference = BBB10000 /* MacTornTests.xctest */;
			productType = "com.apple.product-type.bundle.unit-test";
		};
		CCC40000 /* MacTornUITests */ = {
			isa = PBXNativeTarget;
			buildConfigurationList = CCC60000 /* Build configuration list for PBXNativeTarget "MacTornUITests" */;
			buildPhases = (
				CCC50000 /* Sources */,
				CCC20000 /* Frameworks */,
				CCC50001 /* Resources */,
			);
			buildRules = (
			);
			dependencies = (
				CCC40001 /* PBXTargetDependency */,
			);
			name = MacTornUITests;
			productName = MacTornUITests;
			productReference = CCC10000 /* MacTornUITests.xctest */;
			productType = "com.apple.product-type.bundle.ui-testing";
		};
/* End PBXNativeTarget section */

/* Begin PBXProject section */
		AAA00000 /* Project object */ = {
			isa = PBXProject;
			attributes = {
				BuildIndependentTargetsInParallel = 1;
				LastSwiftUpdateCheck = 1500;
				LastUpgradeCheck = 1500;
				TargetAttributes = {
					AAA40000 = {
						CreatedOnToolsVersion = 15.0;
					};
					BBB40000 = {
						CreatedOnToolsVersion = 15.0;
						TestTargetID = AAA40000;
					};
					CCC40000 = {
						CreatedOnToolsVersion = 15.0;
						TestTargetID = AAA40000;
					};
				};
			};
			buildConfigurationList = AAA60001 /* Build configuration list for PBXProject "MacTorn" */;
			compatibilityVersion = "Xcode 14.0";
			developmentRegion = en;
			hasScannedForEncodings = 0;
			knownRegions = (
				en,
				Base,
			);
			mainGroup = AAA30000;
			productRefGroup = AAA30002 /* Products */;
			projectDirPath = "";
			projectRoot = "";
			targets = (
				AAA40000 /* MacTorn */,
				BBB40000 /* MacTornTests */,
				CCC40000 /* MacTornUITests */,
			);
		};
/* End PBXProject section */

/* Begin PBXResourcesBuildPhase section */
		AAA50001 /* Resources */ = {
			isa = PBXResourcesBuildPhase;
			buildActionMask = 2147483647;
			files = (
				AAA00003 /* Assets.xcassets in Resources */,
			);
			runOnlyForDeploymentPostprocessing = 0;
		};
		BBB50001 /* Resources */ = {
			isa = PBXResourcesBuildPhase;
			buildActionMask = 2147483647;
			files = (
			);
			runOnlyForDeploymentPostprocessing = 0;
		};
		CCC50001 /* Resources */ = {
			isa = PBXResourcesBuildPhase;
			buildActionMask = 2147483647;
			files = (
			);
			runOnlyForDeploymentPostprocessing = 0;
		};
/* End PBXResourcesBuildPhase section */

/* Begin PBXSourcesBuildPhase section */
		AAA50000 /* Sources */ = {
			isa = PBXSourcesBuildPhase;
			buildActionMask = 2147483647;
			files = (
				AAA00001 /* MacTornApp.swift in Sources */,
				AAA00002 /* ContentView.swift in Sources */,
				AAA00004 /* TornModels.swift in Sources */,
				AAA00005 /* AppState.swift in Sources */,
				AAA00006 /* SettingsView.swift in Sources */,
				AAA00007 /* StatusView.swift in Sources */,
				AAA00008 /* ProgressBarView.swift in Sources */,
				AAA00009 /* NotificationManager.swift in Sources */,
				AAA00010 /* LaunchAtLoginManager.swift in Sources */,
				AAA00011 /* ShortcutsManager.swift in Sources */,
				AAA00012 /* ChainView.swift in Sources */,
				AAA00013 /* StatusBadgesView.swift in Sources */,
				AAA00014 /* EventsView.swift in Sources */,
				AAA00015 /* SoundManager.swift in Sources */,
				AAA00016 /* MoneyView.swift in Sources */,
				AAA00017 /* AttacksView.swift in Sources */,
				AAA00018 /* FactionView.swift in Sources */,
				AAA00019 /* WatchlistView.swift in Sources */,
				AAA00020 /* PropertiesView.swift in Sources */,
				AAA00021 /* NetworkSession.swift in Sources */,
				AAA00022 /* TravelView.swift in Sources */,
				AAA00023 /* CreditsView.swift in Sources */,
				AAA00024 /* TransparencyEnvironment.swift in Sources */,
			);
			runOnlyForDeploymentPostprocessing = 0;
		};
		BBB50000 /* Sources */ = {
			isa = PBXSourcesBuildPhase;
			buildActionMask = 2147483647;
			files = (
				BBB00001 /* MockNetworkSession.swift in Sources */,
				BBB00002 /* TestHelpers.swift in Sources */,
				BBB00003 /* TornAPIFixtures.swift in Sources */,
				BBB00004 /* BarTests.swift in Sources */,
				BBB00005 /* TravelTests.swift in Sources */,
				BBB00006 /* StatusTests.swift in Sources */,
				BBB00007 /* ChainTests.swift in Sources */,
				BBB00008 /* TornResponseTests.swift in Sources */,
				BBB00009 /* WatchlistItemTests.swift in Sources */,
				BBB00010 /* MoneyDataTests.swift in Sources */,
				BBB00011 /* AppStateTests.swift in Sources */,
				BBB00012 /* AppStateWatchlistTests.swift in Sources */,
			);
			runOnlyForDeploymentPostprocessing = 0;
		};
		CCC50000 /* Sources */ = {
			isa = PBXSourcesBuildPhase;
			buildActionMask = 2147483647;
			files = (
				CCC00001 /* MacTornUITests.swift in Sources */,
			);
			runOnlyForDeploymentPostprocessing = 0;
		};
/* End PBXSourcesBuildPhase section */

/* Begin PBXTargetDependency section */
		BBB40001 /* PBXTargetDependency */ = {
			isa = PBXTargetDependency;
			target = AAA40000 /* MacTorn */;
			targetProxy = BBB20001 /* PBXContainerItemProxy */;
		};
		CCC40001 /* PBXTargetDependency */ = {
			isa = PBXTargetDependency;
			target = AAA40000 /* MacTorn */;
			targetProxy = CCC20001 /* PBXContainerItemProxy */;
		};
/* End PBXTargetDependency section */

/* Begin XCBuildConfiguration section */
		AAA70000 /* Debug */ = {
			isa = XCBuildConfiguration;
			buildSettings = {
				ALWAYS_SEARCH_USER_PATHS = NO;
				ASSETCATALOG_COMPILER_GENERATE_SWIFT_ASSET_SYMBOL_EXTENSIONS = YES;
				CLANG_ANALYZER_NONNULL = YES;
				CLANG_ANALYZER_NUMBER_OBJECT_CONVERSION = YES_AGGRESSIVE;
				CLANG_CXX_LANGUAGE_STANDARD = "gnu++20";
				CLANG_ENABLE_MODULES = YES;
				CLANG_ENABLE_OBJC_ARC = YES;
				CLANG_ENABLE_OBJC_WEAK = YES;
				CLANG_WARN_BLOCK_CAPTURE_AUTORELEASING = YES;
				CLANG_WARN_BOOL_CONVERSION = YES;
				CLANG_WARN_COMMA = YES;
				CLANG_WARN_CONSTANT_CONVERSION = YES;
				CLANG_WARN_DEPRECATED_OBJC_IMPLEMENTATIONS = YES;
				CLANG_WARN_DIRECT_OBJC_ISA_USAGE = YES_ERROR;
				CLANG_WARN_DOCUMENTATION_COMMENTS = YES;
				CLANG_WARN_EMPTY_BODY = YES;
				CLANG_WARN_ENUM_CONVERSION = YES;
				CLANG_WARN_INFINITE_RECURSION = YES;
				CLANG_WARN_INT_CONVERSION = YES;
				CLANG_WARN_NON_LITERAL_NULL_CONVERSION = YES;
				CLANG_WARN_OBJC_IMPLICIT_RETAIN_SELF = YES;
				CLANG_WARN_OBJC_LITERAL_CONVERSION = YES;
				CLANG_WARN_OBJC_ROOT_CLASS = YES_ERROR;
				CLANG_WARN_QUOTED_INCLUDE_IN_FRAMEWORK_HEADER = YES;
				CLANG_WARN_RANGE_LOOP_ANALYSIS = YES;
				CLANG_WARN_STRICT_PROTOTYPES = YES;
				CLANG_WARN_SUSPICIOUS_MOVE = YES;
				CLANG_WARN_UNGUARDED_AVAILABILITY = YES_AGGRESSIVE;
				CLANG_WARN_UNREACHABLE_CODE = YES;
				CLANG_WARN__DUPLICATE_METHOD_MATCH = YES;
				COPY_PHASE_STRIP = NO;
				DEBUG_INFORMATION_FORMAT = dwarf;
				ENABLE_STRICT_OBJC_MSGSEND = YES;
				ENABLE_TESTABILITY = YES;
				ENABLE_USER_SCRIPT_SANDBOXING = YES;
				GCC_C_LANGUAGE_STANDARD = gnu17;
				GCC_DYNAMIC_NO_PIC = NO;
				GCC_NO_COMMON_BLOCKS = YES;
				GCC_OPTIMIZATION_LEVEL = 0;
				GCC_PREPROCESSOR_DEFINITIONS = (
					"DEBUG=1",
					"$(inherited)",
				);
				GCC_WARN_64_TO_32_BIT_CONVERSION = YES;
				GCC_WARN_ABOUT_RETURN_TYPE = YES_ERROR;
				GCC_WARN_UNDECLARED_SELECTOR = YES;
				GCC_WARN_UNINITIALIZED_AUTOS = YES_AGGRESSIVE;
				GCC_WARN_UNUSED_FUNCTION = YES;
				GCC_WARN_UNUSED_VARIABLE = YES;
				MACOSX_DEPLOYMENT_TARGET = 13.0;
				MTL_ENABLE_DEBUG_INFO = INCLUDE_SOURCE;
				MTL_FAST_MATH = YES;
				ONLY_ACTIVE_ARCH = YES;
				SDKROOT = macosx;
				SWIFT_ACTIVE_COMPILATION_CONDITIONS = "DEBUG $(inherited)";
				SWIFT_OPTIMIZATION_LEVEL = "-Onone";
			};
			name = Debug;
		};
		AAA70001 /* Release */ = {
			isa = XCBuildConfiguration;
			buildSettings = {
				ALWAYS_SEARCH_USER_PATHS = NO;
				ASSETCATALOG_COMPILER_GENERATE_SWIFT_ASSET_SYMBOL_EXTENSIONS = YES;
				CLANG_ANALYZER_NONNULL = YES;
				CLANG_ANALYZER_NUMBER_OBJECT_CONVERSION = YES_AGGRESSIVE;
				CLANG_CXX_LANGUAGE_STANDARD = "gnu++20";
				CLANG_ENABLE_MODULES = YES;
				CLANG_ENABLE_OBJC_ARC = YES;
				CLANG_ENABLE_OBJC_WEAK = YES;
				CLANG_WARN_BLOCK_CAPTURE_AUTORELEASING = YES;
				CLANG_WARN_BOOL_CONVERSION = YES;
				CLANG_WARN_COMMA = YES;
				CLANG_WARN_CONSTANT_CONVERSION = YES;
				CLANG_WARN_DEPRECATED_OBJC_IMPLEMENTATIONS = YES;
				CLANG_WARN_DIRECT_OBJC_ISA_USAGE = YES_ERROR;
				CLANG_WARN_DOCUMENTATION_COMMENTS = YES;
				CLANG_WARN_EMPTY_BODY = YES;
				CLANG_WARN_ENUM_CONVERSION = YES;
				CLANG_WARN_INFINITE_RECURSION = YES;
				CLANG_WARN_INT_CONVERSION = YES;
				CLANG_WARN_NON_LITERAL_NULL_CONVERSION = YES;
				CLANG_WARN_OBJC_IMPLICIT_RETAIN_SELF = YES;
				CLANG_WARN_OBJC_LITERAL_CONVERSION = YES;
				CLANG_WARN_OBJC_ROOT_CLASS = YES_ERROR;
				CLANG_WARN_QUOTED_INCLUDE_IN_FRAMEWORK_HEADER = YES;
				CLANG_WARN_RANGE_LOOP_ANALYSIS = YES;
				CLANG_WARN_STRICT_PROTOTYPES = YES;
				CLANG_WARN_SUSPICIOUS_MOVE = YES;
				CLANG_WARN_UNGUARDED_AVAILABILITY = YES_AGGRESSIVE;
				CLANG_WARN_UNREACHABLE_CODE = YES;
				CLANG_WARN__DUPLICATE_METHOD_MATCH = YES;
				COPY_PHASE_STRIP = NO;
				DEBUG_INFORMATION_FORMAT = "dwarf-with-dsym";
				ENABLE_NS_ASSERTIONS = NO;
				ENABLE_STRICT_OBJC_MSGSEND = YES;
				ENABLE_USER_SCRIPT_SANDBOXING = YES;
				GCC_C_LANGUAGE_STANDARD = gnu17;
				GCC_NO_COMMON_BLOCKS = YES;
				GCC_WARN_64_TO_32_BIT_CONVERSION = YES;
				GCC_WARN_ABOUT_RETURN_TYPE = YES_ERROR;
				GCC_WARN_UNDECLARED_SELECTOR = YES;
				GCC_WARN_UNINITIALIZED_AUTOS = YES_AGGRESSIVE;
				GCC_WARN_UNUSED_FUNCTION = YES;
				GCC_WARN_UNUSED_VARIABLE = YES;
				MACOSX_DEPLOYMENT_TARGET = 13.0;
				MTL_ENABLE_DEBUG_INFO = NO;
				MTL_FAST_MATH = YES;
				SDKROOT = macosx;
				SWIFT_COMPILATION_MODE = wholemodule;
				ARCHS = "arm64 x86_64";
			};
			name = Release;
		};
		AAA70002 /* Debug */ = {
			isa = XCBuildConfiguration;
			buildSettings = {
				ASSETCATALOG_COMPILER_APPICON_NAME = AppIcon;
				ASSETCATALOG_COMPILER_GLOBAL_ACCENT_COLOR_NAME = AccentColor;
				CODE_SIGN_ENTITLEMENTS = "";
				"CODE_SIGN_IDENTITY[sdk=macosx*]" = "-";
				CODE_SIGN_STYLE = Automatic;
				COMBINE_HIDPI_IMAGES = YES;
				CURRENT_PROJECT_VERSION = 1;
				DEVELOPMENT_TEAM = "";
				ENABLE_HARDENED_RUNTIME = NO;
				GENERATE_INFOPLIST_FILE = NO;
				INFOPLIST_FILE = MacTorn/Info.plist;
				INFOPLIST_KEY_NSHumanReadableCopyright = "";
				LD_RUNPATH_SEARCH_PATHS = (
					"$(inherited)",
					"@executable_path/../Frameworks",
				);
				MARKETING_VERSION = 1.4.4;
				PRODUCT_BUNDLE_IDENTIFIER = com.mactorn.app;
				PRODUCT_NAME = "$(TARGET_NAME)";
				SWIFT_EMIT_LOC_STRINGS = YES;
				SWIFT_VERSION = 5.0;
			};
			name = Debug;
		};
		AAA70003 /* Release */ = {
			isa = XCBuildConfiguration;
			buildSettings = {
				ASSETCATALOG_COMPILER_APPICON_NAME = AppIcon;
				ASSETCATALOG_COMPILER_GLOBAL_ACCENT_COLOR_NAME = AccentColor;
				CODE_SIGN_ENTITLEMENTS = "";
				"CODE_SIGN_IDENTITY[sdk=macosx*]" = "-";
				CODE_SIGN_STYLE = Automatic;
				COMBINE_HIDPI_IMAGES = YES;
				CURRENT_PROJECT_VERSION = 1;
				DEVELOPMENT_TEAM = "";
				ENABLE_HARDENED_RUNTIME = NO;
				GENERATE_INFOPLIST_FILE = NO;
				INFOPLIST_FILE = MacTorn/Info.plist;
				INFOPLIST_KEY_NSHumanReadableCopyright = "";
				LD_RUNPATH_SEARCH_PATHS = (
					"$(inherited)",
					"@executable_path/../Frameworks",
				);
				MARKETING_VERSION = 1.4.4;
				PRODUCT_BUNDLE_IDENTIFIER = com.mactorn.app;
				PRODUCT_NAME = "$(TARGET_NAME)";
				SWIFT_EMIT_LOC_STRINGS = YES;
				SWIFT_VERSION = 5.0;
			};
			name = Release;
		};
/* Unit Test Configurations */
		BBB70000 /* Debug */ = {
			isa = XCBuildConfiguration;
			buildSettings = {
				BUNDLE_LOADER = "$(TEST_HOST)";
				CODE_SIGN_STYLE = Automatic;
				CURRENT_PROJECT_VERSION = 1;
				DEVELOPMENT_TEAM = "";
				GENERATE_INFOPLIST_FILE = YES;
				MACOSX_DEPLOYMENT_TARGET = 13.0;
				MARKETING_VERSION = 1.4.4;
				PRODUCT_BUNDLE_IDENTIFIER = com.mactorn.MacTornTests;
				PRODUCT_NAME = "$(TARGET_NAME)";
				SWIFT_EMIT_LOC_STRINGS = NO;
				SWIFT_VERSION = 5.0;
				TEST_HOST = "$(BUILT_PRODUCTS_DIR)/MacTorn.app/$(BUNDLE_EXECUTABLE_FOLDER_PATH)/MacTorn";
			};
			name = Debug;
		};
		BBB70001 /* Release */ = {
			isa = XCBuildConfiguration;
			buildSettings = {
				BUNDLE_LOADER = "$(TEST_HOST)";
				CODE_SIGN_STYLE = Automatic;
				CURRENT_PROJECT_VERSION = 1;
				DEVELOPMENT_TEAM = "";
				GENERATE_INFOPLIST_FILE = YES;
				MACOSX_DEPLOYMENT_TARGET = 13.0;
				MARKETING_VERSION = 1.4.4;
				PRODUCT_BUNDLE_IDENTIFIER = com.mactorn.MacTornTests;
				PRODUCT_NAME = "$(TARGET_NAME)";
				SWIFT_EMIT_LOC_STRINGS = NO;
				SWIFT_VERSION = 5.0;
				TEST_HOST = "$(BUILT_PRODUCTS_DIR)/MacTorn.app/$(BUNDLE_EXECUTABLE_FOLDER_PATH)/MacTorn";
			};
			name = Release;
		};
/* UI Test Configurations */
		CCC70000 /* Debug */ = {
			isa = XCBuildConfiguration;
			buildSettings = {
				CODE_SIGN_STYLE = Automatic;
				CURRENT_PROJECT_VERSION = 1;
				DEVELOPMENT_TEAM = "";
				GENERATE_INFOPLIST_FILE = YES;
				MACOSX_DEPLOYMENT_TARGET = 13.0;
				MARKETING_VERSION = 1.4.4;
				PRODUCT_BUNDLE_IDENTIFIER = com.mactorn.MacTornUITests;
				PRODUCT_NAME = "$(TARGET_NAME)";
				SWIFT_EMIT_LOC_STRINGS = NO;
				SWIFT_VERSION = 5.0;
				TEST_TARGET_NAME = MacTorn;
			};
			name = Debug;
		};
		CCC70001 /* Release */ = {
			isa = XCBuildConfiguration;
			buildSettings = {
				CODE_SIGN_STYLE = Automatic;
				CURRENT_PROJECT_VERSION = 1;
				DEVELOPMENT_TEAM = "";
				GENERATE_INFOPLIST_FILE = YES;
				MACOSX_DEPLOYMENT_TARGET = 13.0;
				MARKETING_VERSION = 1.4.4;
				PRODUCT_BUNDLE_IDENTIFIER = com.mactorn.MacTornUITests;
				PRODUCT_NAME = "$(TARGET_NAME)";
				SWIFT_EMIT_LOC_STRINGS = NO;
				SWIFT_VERSION = 5.0;
				TEST_TARGET_NAME = MacTorn;
			};
			name = Release;
		};
/* End XCBuildConfiguration section */

/* Begin XCConfigurationList section */
		AAA60000 /* Build configuration list for PBXNativeTarget "MacTorn" */ = {
			isa = XCConfigurationList;
			buildConfigurations = (
				AAA70002 /* Debug */,
				AAA70003 /* Release */,
			);
			defaultConfigurationIsVisible = 0;
			defaultConfigurationName = Release;
		};
		AAA60001 /* Build configuration list for PBXProject "MacTorn" */ = {
			isa = XCConfigurationList;
			buildConfigurations = (
				AAA70000 /* Debug */,
				AAA70001 /* Release */,
			);
			defaultConfigurationIsVisible = 0;
			defaultConfigurationName = Release;
		};
		BBB60000 /* Build configuration list for PBXNativeTarget "MacTornTests" */ = {
			isa = XCConfigurationList;
			buildConfigurations = (
				BBB70000 /* Debug */,
				BBB70001 /* Release */,
			);
			defaultConfigurationIsVisible = 0;
			defaultConfigurationName = Release;
		};
		CCC60000 /* Build configuration list for PBXNativeTarget "MacTornUITests" */ = {
			isa = XCConfigurationList;
			buildConfigurations = (
				CCC70000 /* Debug */,
				CCC70001 /* Release */,
			);
			defaultConfigurationIsVisible = 0;
			defaultConfigurationName = Release;
		};
/* End XCConfigurationList section */
	};
	rootObject = AAA00000 /* Project object */;
}
